{
  "requires": true,
  "lockfileVersion": 1,
  "dependencies": {
    "@microsoft/teams-js": {
      "version": "1.9.0",
      "resolved": "https://registry.npmjs.org/@microsoft/teams-js/-/teams-js-1.9.0.tgz",
      "integrity": "sha512-c7VARZOPqhvowxQzhapTb5BsGCfjGjINa7sD7XHN0miBAhYhlAgKJqAI5WrKAEmgcp3m3HeqzHIafyZ1ToIJxg=="
    }
  }
}
